
Microsoft Visual Studio Solution File, Format Version 12.00
# Visual Studio Version 17
VisualStudioVersion = 17.14.36109.1 d17.14
MinimumVisualStudioVersion = 10.0.40219.1
Project("{FAE04EC0-301F-11D3-BF4B-00C04F79EFBC}") = "testC68_boon", "testC68_boon\testC68_boon.csproj", "{7F79F1CA-0D20-494E-808B-609039E9A14D}"
EndProject
Global
	GlobalSection(SolutionConfigurationPlatforms) = preSolution
		Debug|Any CPU = Debug|Any CPU
		Release|Any CPU = Release|Any CPU
	EndGlobalSection
	GlobalSection(ProjectConfigurationPlatforms) = postSolution
		{7F79F1CA-0D20-494E-808B-609039E9A14D}.Debug|Any CPU.ActiveCfg = Debug|Any CPU
		{7F79F1CA-0D20-494E-808B-609039E9A14D}.Debug|Any CPU.Build.0 = Debug|Any CPU
		{7F79F1CA-0D20-494E-808B-609039E9A14D}.Release|Any CPU.ActiveCfg = Release|Any CPU
		{7F79F1CA-0D20-494E-808B-609039E9A14D}.Release|Any CPU.Build.0 = Release|Any CPU
	EndGlobalSection
	GlobalSection(SolutionProperties) = preSolution
		HideSolutionNode = FALSE
	EndGlobalSection
	GlobalSection(ExtensibilityGlobals) = postSolution
		SolutionGuid = {1589F5FC-A1BD-4FE0-B786-CD79F77AD846}
	EndGlobalSection
EndGlobal
