
Microsoft Visual Studio Solution File, Format Version 12.00
# Visual Studio Version 17
VisualStudioVersion = 17.14.36109.1 d17.14
MinimumVisualStudioVersion = 10.0.40219.1
Project("{FAE04EC0-301F-11D3-BF4B-00C04F79EFBC}") = "20250605", "20250605\20250605.csproj", "{3D43299D-C3CC-4E28-94F6-820A13F15987}"
EndProject
Global
	GlobalSection(SolutionConfigurationPlatforms) = preSolution
		Debug|Any CPU = Debug|Any CPU
		Release|Any CPU = Release|Any CPU
	EndGlobalSection
	GlobalSection(ProjectConfigurationPlatforms) = postSolution
		{3D43299D-C3CC-4E28-94F6-820A13F15987}.Debug|Any CPU.ActiveCfg = Debug|Any CPU
		{3D43299D-C3CC-4E28-94F6-820A13F15987}.Debug|Any CPU.Build.0 = Debug|Any CPU
		{3D43299D-C3CC-4E28-94F6-820A13F15987}.Release|Any CPU.ActiveCfg = Release|Any CPU
		{3D43299D-C3CC-4E28-94F6-820A13F15987}.Release|Any CPU.Build.0 = Release|Any CPU
	EndGlobalSection
	GlobalSection(SolutionProperties) = preSolution
		HideSolutionNode = FALSE
	EndGlobalSection
	GlobalSection(ExtensibilityGlobals) = postSolution
		SolutionGuid = {98D23E34-88A8-42F1-96E1-F2722EB6FDE0}
	EndGlobalSection
EndGlobal
